
Microsoft Visual Studio Solution File, Format Version 12.00
# Visual Studio 15
VisualStudioVersion = 15.0.27703.2000
MinimumVisualStudioVersion = 10.0.40219.1
Project("{9092AA53-FB77-4645-B42D-1CCCA6BD08BD}") = "web", "web\web.njsproj", "{5468A8EF-C748-4B60-8CA6-0B668F0F10CC}"
EndProject
Project("{9092AA53-FB77-4645-B42D-1CCCA6BD08BD}") = "Api", "Api\Api.njsproj", "{1A4BEEA0-5175-449D-A232-1CE23C2463E8}"
EndProject
Global
	GlobalSection(SolutionConfigurationPlatforms) = preSolution
		Debug|Any CPU = Debug|Any CPU
		Release|Any CPU = Release|Any CPU
	EndGlobalSection
	GlobalSection(ProjectConfigurationPlatforms) = postSolution
		{5468A8EF-C748-4B60-8CA6-0B668F0F10CC}.Debug|Any CPU.ActiveCfg = Debug|Any CPU
		{5468A8EF-C748-4B60-8CA6-0B668F0F10CC}.Debug|Any CPU.Build.0 = Debug|Any CPU
		{5468A8EF-C748-4B60-8CA6-0B668F0F10CC}.Release|Any CPU.ActiveCfg = Release|Any CPU
		{5468A8EF-C748-4B60-8CA6-0B668F0F10CC}.Release|Any CPU.Build.0 = Release|Any CPU
		{1A4BEEA0-5175-449D-A232-1CE23C2463E8}.Debug|Any CPU.ActiveCfg = Debug|Any CPU
		{1A4BEEA0-5175-449D-A232-1CE23C2463E8}.Debug|Any CPU.Build.0 = Debug|Any CPU
		{1A4BEEA0-5175-449D-A232-1CE23C2463E8}.Release|Any CPU.ActiveCfg = Release|Any CPU
		{1A4BEEA0-5175-449D-A232-1CE23C2463E8}.Release|Any CPU.Build.0 = Release|Any CPU
	EndGlobalSection
	GlobalSection(SolutionProperties) = preSolution
		HideSolutionNode = FALSE
	EndGlobalSection
	GlobalSection(ExtensibilityGlobals) = postSolution
		SolutionGuid = {7D266204-D7E9-456C-9381-0EB0462A335C}
	EndGlobalSection
EndGlobal
